
Microsoft Visual Studio Solution File, Format Version 12.00
# Visual Studio Version 16
VisualStudioVersion = 16.0.29806.167
MinimumVisualStudioVersion = 10.0.40219.1
Project("{FAE04EC0-301F-11D3-BF4B-00C04F79EFBC}") = "AutomatedTelerMachine", "AutomatedTelerMachine\AutomatedTelerMachine.csproj", "{398F6001-AB31-47A6-97B4-466D4893CD62}"
EndProject
Project("{FAE04EC0-301F-11D3-BF4B-00C04F79EFBC}") = "AutomatedTelerMachine.Tests", "AutomatedTelerMachine.Tests\AutomatedTelerMachine.Tests.csproj", "{90A67406-8BEC-4A78-948D-A0096C5480CE}"
EndProject
Global
	GlobalSection(SolutionConfigurationPlatforms) = preSolution
		Debug|Any CPU = Debug|Any CPU
		Release|Any CPU = Release|Any CPU
	EndGlobalSection
	GlobalSection(ProjectConfigurationPlatforms) = postSolution
		{398F6001-AB31-47A6-97B4-466D4893CD62}.Debug|Any CPU.ActiveCfg = Debug|Any CPU
		{398F6001-AB31-47A6-97B4-466D4893CD62}.Debug|Any CPU.Build.0 = Debug|Any CPU
		{398F6001-AB31-47A6-97B4-466D4893CD62}.Release|Any CPU.ActiveCfg = Release|Any CPU
		{398F6001-AB31-47A6-97B4-466D4893CD62}.Release|Any CPU.Build.0 = Release|Any CPU
		{90A67406-8BEC-4A78-948D-A0096C5480CE}.Debug|Any CPU.ActiveCfg = Debug|Any CPU
		{90A67406-8BEC-4A78-948D-A0096C5480CE}.Debug|Any CPU.Build.0 = Debug|Any CPU
		{90A67406-8BEC-4A78-948D-A0096C5480CE}.Release|Any CPU.ActiveCfg = Release|Any CPU
		{90A67406-8BEC-4A78-948D-A0096C5480CE}.Release|Any CPU.Build.0 = Release|Any CPU
	EndGlobalSection
	GlobalSection(SolutionProperties) = preSolution
		HideSolutionNode = FALSE
	EndGlobalSection
	GlobalSection(ExtensibilityGlobals) = postSolution
		SolutionGuid = {9078794C-1A5D-4C88-BE60-32B03A5578A8}
	EndGlobalSection
EndGlobal
